
Microsoft Visual Studio Solution File, Format Version 12.00
# Visual Studio Version 17
VisualStudioVersion = 17.13.35931.197 d17.13
MinimumVisualStudioVersion = 10.0.40219.1
Project("{FAE04EC0-301F-11D3-BF4B-00C04F79EFBC}") = "Pract", "Pract\Pract.csproj", "{557B2654-6B4D-4793-AE0C-3F5714E39DA8}"
EndProject
Global
	GlobalSection(SolutionConfigurationPlatforms) = preSolution
		Debug|Any CPU = Debug|Any CPU
		Release|Any CPU = Release|Any CPU
	EndGlobalSection
	GlobalSection(ProjectConfigurationPlatforms) = postSolution
		{557B2654-6B4D-4793-AE0C-3F5714E39DA8}.Debug|Any CPU.ActiveCfg = Debug|Any CPU
		{557B2654-6B4D-4793-AE0C-3F5714E39DA8}.Debug|Any CPU.Build.0 = Debug|Any CPU
		{557B2654-6B4D-4793-AE0C-3F5714E39DA8}.Release|Any CPU.ActiveCfg = Release|Any CPU
		{557B2654-6B4D-4793-AE0C-3F5714E39DA8}.Release|Any CPU.Build.0 = Release|Any CPU
	EndGlobalSection
	GlobalSection(SolutionProperties) = preSolution
		HideSolutionNode = FALSE
	EndGlobalSection
	GlobalSection(ExtensibilityGlobals) = postSolution
		SolutionGuid = {3748CF03-70FF-45B3-9A8A-B46721DB57A1}
	EndGlobalSection
EndGlobal
